
Microsoft Visual Studio Solution File, Format Version 12.00
# Visual Studio Version 16
VisualStudioVersion = 16.0.31005.135
MinimumVisualStudioVersion = 10.0.40219.1
Project("{FAE04EC0-301F-11D3-BF4B-00C04F79EFBC}") = "GridTesting", "GridTesting\GridTesting.csproj", "{47A82073-EA04-4827-AF5D-C83484B6D100}"
EndProject
Global
	GlobalSection(SolutionConfigurationPlatforms) = preSolution
		Debug|Any CPU = Debug|Any CPU
		Release|Any CPU = Release|Any CPU
	EndGlobalSection
	GlobalSection(ProjectConfigurationPlatforms) = postSolution
		{47A82073-EA04-4827-AF5D-C83484B6D100}.Debug|Any CPU.ActiveCfg = Debug|Any CPU
		{47A82073-EA04-4827-AF5D-C83484B6D100}.Debug|Any CPU.Build.0 = Debug|Any CPU
		{47A82073-EA04-4827-AF5D-C83484B6D100}.Release|Any CPU.ActiveCfg = Release|Any CPU
		{47A82073-EA04-4827-AF5D-C83484B6D100}.Release|Any CPU.Build.0 = Release|Any CPU
	EndGlobalSection
	GlobalSection(SolutionProperties) = preSolution
		HideSolutionNode = FALSE
	EndGlobalSection
	GlobalSection(ExtensibilityGlobals) = postSolution
		SolutionGuid = {090EBC3A-5D28-40CE-AA97-086A459F406A}
	EndGlobalSection
EndGlobal
